{
  "name": "chat-server-transit-benchmark",
  "version": "1.0.0",
  "lockfileVersion": 3,
  "requires": true,
  "packages": {
    "": {
      "name": "chat-server-transit-benchmark",
      "version": "1.0.0",
      "dependencies": {
        "@sabeeirsharrma/transit": "^2.0.1"
      }
    },
    "node_modules/@sabeeirsharrma/java-runtime": {
      "version": "2.0.1",
      "resolved": "https://registry.npmjs.org/@sabeeirsharrma/java-runtime/-/java-runtime-2.0.1.tgz",
      "integrity": "sha512-Eym23Eng5BKfKwivFeC7xwOcISOziqsMzHfZZXEfOxvVsIggp3F3YAraWboMzdyXbpxhl2rLa4Ocu1kty0HwrA==",
      "dependencies": {
        "@sabeeirsharrma/schema": "^2.0.1"
      }
    },
    "node_modules/@sabeeirsharrma/python-runtime": {
      "version": "2.0.1",
      "resolved": "https://registry.npmjs.org/@sabeeirsharrma/python-runtime/-/python-runtime-2.0.1.tgz",
      "integrity": "sha512-XMjjcMTLBWbEeTL5/EmeGNRhldJFwobeffBQRQlTIsDimtnHmj8ovj6SdCQ2PX+y9Sq5nAWo5fvjCUOzs6nDWw=="
    },
    "node_modules/@sabeeirsharrma/scanner": {
      "version": "2.0.1",
      "resolved": "https://registry.npmjs.org/@sabeeirsharrma/scanner/-/scanner-2.0.1.tgz",
      "integrity": "sha512-yoIkZqvLIVd1Kjvwezt4OxcJYoTl8Jr1csH3sHBBKhfdb6BnZdERHHdnUfFsN8Pb0gKERXsVxwqkpGeEoi23QA=="
    },
    "node_modules/@sabeeirsharrma/schema": {
      "version": "2.0.1",
      "resolved": "https://registry.npmjs.org/@sabeeirsharrma/schema/-/schema-2.0.1.tgz",
      "integrity": "sha512-ZWZDITOiyAeDd+BafTqcv7+JuuGYeIcFjzxP9TqqxGalZLbvrMFUrRqIOghvuoc3o+2/kSGmeYUH6TiNVwMAcg=="
    },
    "node_modules/@sabeeirsharrma/transit": {
      "version": "2.0.1",
      "resolved": "https://registry.npmjs.org/@sabeeirsharrma/transit/-/transit-2.0.1.tgz",
      "integrity": "sha512-uRaatvRx1IHZxi4o3odhIrSUoQraCRGoEqpIhdSFmMLrM4qY01hKrFjodtGLeSzCqPJCTJrUqvg9yqPadqVF7Q==",
      "dependencies": {
        "@sabeeirsharrma/java-runtime": "^2.0.1",
        "@sabeeirsharrma/python-runtime": "^2.0.1",
        "@sabeeirsharrma/scanner": "^2.0.1",
        "@sabeeirsharrma/schema": "^2.0.1"
      }
    }
  }
}
